// !$*UTF8*$!
{
	archiveVersion = 1;
	classes = {
	};
	objectVersion = 55;
	objects = {

/* Begin PBXBuildFile section */
		D84C0E8E28416F55002C8CDB /* AppDelegate.swift in Sources */ = {isa = PBXBuildFile; fileRef = D84C0E8D28416F55002C8CDB /* AppDelegate.swift */; };
		D84C0E9028416F55002C8CDB /* SceneDelegate.swift in Sources */ = {isa = PBXBuildFile; fileRef = D84C0E8F28416F55002C8CDB /* SceneDelegate.swift */; };
		D84C0E9228416F55002C8CDB /* ViewController.swift in Sources */ = {isa = PBXBuildFile; fileRef = D84C0E9128416F55002C8CDB /* ViewController.swift */; };
		D84C0E9528416F55002C8CDB /* Main.storyboard in Resources */ = {isa = PBXBuildFile; fileRef = D84C0E9328416F55002C8CDB /* Main.storyboard */; };
		D84C0E9728416F57002C8CDB /* Assets.xcassets in Resources */ = {isa = PBXBuildFile; fileRef = D84C0E9628416F57002C8CDB /* Assets.xcassets */; };
		D84C0E9A28416F57002C8CDB /* LaunchScreen.storyboard in Resources */ = {isa = PBXBuildFile; fileRef = D84C0E9828416F57002C8CDB /* LaunchScreen.storyboard */; };
		D84C0EA528416F58002C8CDB /* SnapchatTests.swift in Sources */ = {isa = PBXBuildFile; fileRef = D84C0EA428416F58002C8CDB /* SnapchatTests.swift */; };
		D84C0EAF28416F58002C8CDB /* SnapchatUITests.swift in Sources */ = {isa = PBXBuildFile; fileRef = D84C0EAE28416F58002C8CDB /* SnapchatUITests.swift */; };
		D84C0EB128416F58002C8CDB /* SnapchatUITestsLaunchTests.swift in Sources */ = {isa = PBXBuildFile; fileRef = D84C0EB028416F58002C8CDB /* SnapchatUITestsLaunchTests.swift */; };
/* End PBXBuildFile section */

/* Begin PBXContainerItemProxy section */
		D84C0EA128416F58002C8CDB /* PBXContainerItemProxy */ = {
			isa = PBXContainerItemProxy;
			containerPortal = D84C0E8228416F55002C8CDB /* Project object */;
			proxyType = 1;
			remoteGlobalIDString = D84C0E8928416F55002C8CDB;
			remoteInfo = Snapchat;
		};
		D84C0EAB28416F58002C8CDB /* PBXContainerItemProxy */ = {
			isa = PBXContainerItemProxy;
			containerPortal = D84C0E8228416F55002C8CDB /* Project object */;
			proxyType = 1;
			remoteGlobalIDString = D84C0E8928416F55002C8CDB;
			remoteInfo = Snapchat;
		};
/* End PBXContainerItemProxy section */

/* Begin PBXFileReference section */
		D84C0E8A28416F55002C8CDB /* Snapchat.app */ = {isa = PBXFileReference; explicitFileType = wrapper.application; includeInIndex = 0; path = Snapchat.app; sourceTree = BUILT_PRODUCTS_DIR; };
		D84C0E8D28416F55002C8CDB /* AppDelegate.swift */ = {isa = PBXFileReference; lastKnownFileType = sourcecode.swift; path = AppDelegate.swift; sourceTree = "<group>"; };
		D84C0E8F28416F55002C8CDB /* SceneDelegate.swift */ = {isa = PBXFileReference; lastKnownFileType = sourcecode.swift; path = SceneDelegate.swift; sourceTree = "<group>"; };
		D84C0E9128416F55002C8CDB /* ViewController.swift */ = {isa = PBXFileReference; lastKnownFileType = sourcecode.swift; path = ViewController.swift; sourceTree = "<group>"; };
		D84C0E9428416F55002C8CDB /* Base */ = {isa = PBXFileReference; lastKnownFileType = file.storyboard; name = Base; path = Base.lproj/Main.storyboard; sourceTree = "<group>"; };
		D84C0E9628416F57002C8CDB /* Assets.xcassets */ = {isa = PBXFileReference; lastKnownFileType = folder.assetcatalog; path = Assets.xcassets; sourceTree = "<group>"; };
		D84C0E9928416F57002C8CDB /* Base */ = {isa = PBXFileReference; lastKnownFileType = file.storyboard; name = Base; path = Base.lproj/LaunchScreen.storyboard; sourceTree = "<group>"; };
		D84C0E9B28416F57002C8CDB /* Info.plist */ = {isa = PBXFileReference; lastKnownFileType = text.plist.xml; path = Info.plist; sourceTree = "<group>"; };
		D84C0EA028416F58002C8CDB /* SnapchatTests.xctest */ = {isa = PBXFileReference; explicitFileType = wrapper.cfbundle; includeInIndex = 0; path = SnapchatTests.xctest; sourceTree = BUILT_PRODUCTS_DIR; };
		D84C0EA428416F58002C8CDB /* SnapchatTests.swift */ = {isa = PBXFileReference; lastKnownFileType = sourcecode.swift; path = SnapchatTests.swift; sourceTree = "<group>"; };
		D84C0EAA28416F58002C8CDB /* SnapchatUITests.xctest */ = {isa = PBXFileReference; explicitFileType = wrapper.cfbundle; includeInIndex = 0; path = SnapchatUITests.xctest; sourceTree = BUILT_PRODUCTS_DIR; };
		D84C0EAE28416F58002C8CDB /* SnapchatUITests.swift */ = {isa = PBXFileReference; lastKnownFileType = sourcecode.swift; path = SnapchatUITests.swift; sourceTree = "<group>"; };
		D84C0EB028416F58002C8CDB /* SnapchatUITestsLaunchTests.swift */ = {isa = PBXFileReference; lastKnownFileType = sourcecode.swift; path = SnapchatUITestsLaunchTests.swift; sourceTree = "<group>"; };
/* End PBXFileReference section */

/* Begin PBXFrameworksBuildPhase section */
		D84C0E8728416F55002C8CDB /* Frameworks */ = {
			isa = PBXFrameworksBuildPhase;
			buildActionMask = 2147483647;
			files = (
			);
			runOnlyForDeploymentPostprocessing = 0;
		};
		D84C0E9D28416F58002C8CDB /* Frameworks */ = {
			isa = PBXFrameworksBuildPhase;
			buildActionMask = 2147483647;
			files = (
			);
			runOnlyForDeploymentPostprocessing = 0;
		};
		D84C0EA728416F58002C8CDB /* Frameworks */ = {
			isa = PBXFrameworksBuildPhase;
			buildActionMask = 2147483647;
			files = (
			);
			runOnlyForDeploymentPostprocessing = 0;
		};
/* End PBXFrameworksBuildPhase section */

/* Begin PBXGroup section */
		D84C0E8128416F55002C8CDB = {
			isa = PBXGroup;
			children = (
				D84C0E8C28416F55002C8CDB /* Snapchat */,
				D84C0EA328416F58002C8CDB /* SnapchatTests */,
				D84C0EAD28416F58002C8CDB /* SnapchatUITests */,
				D84C0E8B28416F55002C8CDB /* Products */,
			);
			sourceTree = "<group>";
		};
		D84C0E8B28416F55002C8CDB /* Products */ = {
			isa = PBXGroup;
			children = (
				D84C0E8A28416F55002C8CDB /* Snapchat.app */,
				D84C0EA028416F58002C8CDB /* SnapchatTests.xctest */,
				D84C0EAA28416F58002C8CDB /* SnapchatUITests.xctest */,
			);
			name = Products;
			sourceTree = "<group>";
		};
		D84C0E8C28416F55002C8CDB /* Snapchat */ = {
			isa = PBXGroup;
			children = (
				D84C0E8D28416F55002C8CDB /* AppDelegate.swift */,
				D84C0E8F28416F55002C8CDB /* SceneDelegate.swift */,
				D84C0E9128416F55002C8CDB /* ViewController.swift */,
				D84C0E9328416F55002C8CDB /* Main.storyboard */,
				D84C0E9628416F57002C8CDB /* Assets.xcassets */,
				D84C0E9828416F57002C8CDB /* LaunchScreen.storyboard */,
				D84C0E9B28416F57002C8CDB /* Info.plist */,
			);
			path = Snapchat;
			sourceTree = "<group>";
		};
		D84C0EA328416F58002C8CDB /* SnapchatTests */ = {
			isa = PBXGroup;
			children = (
				D84C0EA428416F58002C8CDB /* SnapchatTests.swift */,
			);
			path = SnapchatTests;
			sourceTree = "<group>";
		};
		D84C0EAD28416F58002C8CDB /* SnapchatUITests */ = {
			isa = PBXGroup;
			children = (
				D84C0EAE28416F58002C8CDB /* SnapchatUITests.swift */,
				D84C0EB028416F58002C8CDB /* SnapchatUITestsLaunchTests.swift */,
			);
			path = SnapchatUITests;
			sourceTree = "<group>";
		};
/* End PBXGroup section */

/* Begin PBXNativeTarget section */
		D84C0E8928416F55002C8CDB /* Snapchat */ = {
			isa = PBXNativeTarget;
			buildConfigurationList = D84C0EB428416F58002C8CDB /* Build configuration list for PBXNativeTarget "Snapchat" */;
			buildPhases = (
				D84C0E8628416F55002C8CDB /* Sources */,
				D84C0E8728416F55002C8CDB /* Frameworks */,
				D84C0E8828416F55002C8CDB /* Resources */,
			);
			buildRules = (
			);
			dependencies = (
			);
			name = Snapchat;
			productName = Snapchat;
			productReference = D84C0E8A28416F55002C8CDB /* Snapchat.app */;
			productType = "com.apple.product-type.application";
		};
		D84C0E9F28416F58002C8CDB /* SnapchatTests */ = {
			isa = PBXNativeTarget;
			buildConfigurationList = D84C0EB728416F58002C8CDB /* Build configuration list for PBXNativeTarget "SnapchatTests" */;
			buildPhases = (
				D84C0E9C28416F58002C8CDB /* Sources */,
				D84C0E9D28416F58002C8CDB /* Frameworks */,
				D84C0E9E28416F58002C8CDB /* Resources */,
			);
			buildRules = (
			);
			dependencies = (
				D84C0EA228416F58002C8CDB /* PBXTargetDependency */,
			);
			name = SnapchatTests;
			productName = SnapchatTests;
			productReference = D84C0EA028416F58002C8CDB /* SnapchatTests.xctest */;
			productType = "com.apple.product-type.bundle.unit-test";
		};
		D84C0EA928416F58002C8CDB /* SnapchatUITests */ = {
			isa = PBXNativeTarget;
			buildConfigurationList = D84C0EBA28416F58002C8CDB /* Build configuration list for PBXNativeTarget "SnapchatUITests" */;
			buildPhases = (
				D84C0EA628416F58002C8CDB /* Sources */,
				D84C0EA728416F58002C8CDB /* Frameworks */,
				D84C0EA828416F58002C8CDB /* Resources */,
			);
			buildRules = (
			);
			dependencies = (
				D84C0EAC28416F58002C8CDB /* PBXTargetDependency */,
			);
			name = SnapchatUITests;
			productName = SnapchatUITests;
			productReference = D84C0EAA28416F58002C8CDB /* SnapchatUITests.xctest */;
			productType = "com.apple.product-type.bundle.ui-testing";
		};
/* End PBXNativeTarget section */

/* Begin PBXProject section */
		D84C0E8228416F55002C8CDB /* Project object */ = {
			isa = PBXProject;
			attributes = {
				BuildIndependentTargetsInParallel = 1;
				LastSwiftUpdateCheck = 1330;
				LastUpgradeCheck = 1330;
				TargetAttributes = {
					D84C0E8928416F55002C8CDB = {
						CreatedOnToolsVersion = 13.3;
					};
					D84C0E9F28416F58002C8CDB = {
						CreatedOnToolsVersion = 13.3;
						TestTargetID = D84C0E8928416F55002C8CDB;
					};
					D84C0EA928416F58002C8CDB = {
						CreatedOnToolsVersion = 13.3;
						TestTargetID = D84C0E8928416F55002C8CDB;
					};
				};
			};
			buildConfigurationList = D84C0E8528416F55002C8CDB /* Build configuration list for PBXProject "Snapchat" */;
			compatibilityVersion = "Xcode 13.0";
			developmentRegion = en;
			hasScannedForEncodings = 0;
			knownRegions = (
				en,
				Base,
			);
			mainGroup = D84C0E8128416F55002C8CDB;
			productRefGroup = D84C0E8B28416F55002C8CDB /* Products */;
			projectDirPath = "";
			projectRoot = "";
			targets = (
				D84C0E8928416F55002C8CDB /* Snapchat */,
				D84C0E9F28416F58002C8CDB /* SnapchatTests */,
				D84C0EA928416F58002C8CDB /* SnapchatUITests */,
			);
		};
/* End PBXProject section */

/* Begin PBXResourcesBuildPhase section */
		D84C0E8828416F55002C8CDB /* Resources */ = {
			isa = PBXResourcesBuildPhase;
			buildActionMask = 2147483647;
			files = (
				D84C0E9A28416F57002C8CDB /* LaunchScreen.storyboard in Resources */,
				D84C0E9728416F57002C8CDB /* Assets.xcassets in Resources */,
				D84C0E9528416F55002C8CDB /* Main.storyboard in Resources */,
			);
			runOnlyForDeploymentPostprocessing = 0;
		};
		D84C0E9E28416F58002C8CDB /* Resources */ = {
			isa = PBXResourcesBuildPhase;
			buildActionMask = 2147483647;
			files = (
			);
			runOnlyForDeploymentPostprocessing = 0;
		};
		D84C0EA828416F58002C8CDB /* Resources */ = {
			isa = PBXResourcesBuildPhase;
			buildActionMask = 2147483647;
			files = (
			);
			runOnlyForDeploymentPostprocessing = 0;
		};
/* End PBXResourcesBuildPhase section */

/* Begin PBXSourcesBuildPhase section */
		D84C0E8628416F55002C8CDB /* Sources */ = {
			isa = PBXSourcesBuildPhase;
			buildActionMask = 2147483647;
			files = (
				D84C0E9228416F55002C8CDB /* ViewController.swift in Sources */,
				D84C0E8E28416F55002C8CDB /* AppDelegate.swift in Sources */,
				D84C0E9028416F55002C8CDB /* SceneDelegate.swift in Sources */,
			);
			runOnlyForDeploymentPostprocessing = 0;
		};
		D84C0E9C28416F58002C8CDB /* Sources */ = {
			isa = PBXSourcesBuildPhase;
			buildActionMask = 2147483647;
			files = (
				D84C0EA528416F58002C8CDB /* SnapchatTests.swift in Sources */,
			);
			runOnlyForDeploymentPostprocessing = 0;
		};
		D84C0EA628416F58002C8CDB /* Sources */ = {
			isa = PBXSourcesBuildPhase;
			buildActionMask = 2147483647;
			files = (
				D84C0EB128416F58002C8CDB /* SnapchatUITestsLaunchTests.swift in Sources */,
				D84C0EAF28416F58002C8CDB /* SnapchatUITests.swift in Sources */,
			);
			runOnlyForDeploymentPostprocessing = 0;
		};
/* End PBXSourcesBuildPhase section */

/* Begin PBXTargetDependency section */
		D84C0EA228416F58002C8CDB /* PBXTargetDependency */ = {
			isa = PBXTargetDependency;
			target = D84C0E8928416F55002C8CDB /* Snapchat */;
			targetProxy = D84C0EA128416F58002C8CDB /* PBXContainerItemProxy */;
		};
		D84C0EAC28416F58002C8CDB /* PBXTargetDependency */ = {
			isa = PBXTargetDependency;
			target = D84C0E8928416F55002C8CDB /* Snapchat */;
			targetProxy = D84C0EAB28416F58002C8CDB /* PBXContainerItemProxy */;
		};
/* End PBXTargetDependency section */

/* Begin PBXVariantGroup section */
		D84C0E9328416F55002C8CDB /* Main.storyboard */ = {
			isa = PBXVariantGroup;
			children = (
				D84C0E9428416F55002C8CDB /* Base */,
			);
			name = Main.storyboard;
			sourceTree = "<group>";
		};
		D84C0E9828416F57002C8CDB /* LaunchScreen.storyboard */ = {
			isa = PBXVariantGroup;
			children = (
				D84C0E9928416F57002C8CDB /* Base */,
			);
			name = LaunchScreen.storyboard;
			sourceTree = "<group>";
		};
/* End PBXVariantGroup section */

/* Begin XCBuildConfiguration section */
		D84C0EB228416F58002C8CDB /* Debug */ = {
			isa = XCBuildConfiguration;
			buildSettings = {
				ALWAYS_SEARCH_USER_PATHS = NO;
				CLANG_ANALYZER_NONNULL = YES;
				CLANG_ANALYZER_NUMBER_OBJECT_CONVERSION = YES_AGGRESSIVE;
				CLANG_CXX_LANGUAGE_STANDARD = "gnu++17";
				CLANG_ENABLE_MODULES = YES;
				CLANG_ENABLE_OBJC_ARC = YES;
				CLANG_ENABLE_OBJC_WEAK = YES;
				CLANG_WARN_BLOCK_CAPTURE_AUTORELEASING = YES;
				CLANG_WARN_BOOL_CONVERSION = YES;
				CLANG_WARN_COMMA = YES;
				CLANG_WARN_CONSTANT_CONVERSION = YES;
				CLANG_WARN_DEPRECATED_OBJC_IMPLEMENTATIONS = YES;
				CLANG_WARN_DIRECT_OBJC_ISA_USAGE = YES_ERROR;
				CLANG_WARN_DOCUMENTATION_COMMENTS = YES;
				CLANG_WARN_EMPTY_BODY = YES;
				CLANG_WARN_ENUM_CONVERSION = YES;
				CLANG_WARN_INFINITE_RECURSION = YES;
				CLANG_WARN_INT_CONVERSION = YES;
				CLANG_WARN_NON_LITERAL_NULL_CONVERSION = YES;
				CLANG_WARN_OBJC_IMPLICIT_RETAIN_SELF = YES;
				CLANG_WARN_OBJC_LITERAL_CONVERSION = YES;
				CLANG_WARN_OBJC_ROOT_CLASS = YES_ERROR;
				CLANG_WARN_QUOTED_INCLUDE_IN_FRAMEWORK_HEADER = YES;
				CLANG_WARN_RANGE_LOOP_ANALYSIS = YES;
				CLANG_WARN_STRICT_PROTOTYPES = YES;
				CLANG_WARN_SUSPICIOUS_MOVE = YES;
				CLANG_WARN_UNGUARDED_AVAILABILITY = YES_AGGRESSIVE;
				CLANG_WARN_UNREACHABLE_CODE = YES;
				CLANG_WARN__DUPLICATE_METHOD_MATCH = YES;
				COPY_PHASE_STRIP = NO;
				DEBUG_INFORMATION_FORMAT = dwarf;
				ENABLE_STRICT_OBJC_MSGSEND = YES;
				ENABLE_TESTABILITY = YES;
				GCC_C_LANGUAGE_STANDARD = gnu11;
				GCC_DYNAMIC_NO_PIC = NO;
				GCC_NO_COMMON_BLOCKS = YES;
				GCC_OPTIMIZATION_LEVEL = 0;
				GCC_PREPROCESSOR_DEFINITIONS = (
					"DEBUG=1",
					"$(inherited)",
				);
				GCC_WARN_64_TO_32_BIT_CONVERSION = YES;
				GCC_WARN_ABOUT_RETURN_TYPE = YES_ERROR;
				GCC_WARN_UNDECLARED_SELECTOR = YES;
				GCC_WARN_UNINITIALIZED_AUTOS = YES_AGGRESSIVE;
				GCC_WARN_UNUSED_FUNCTION = YES;
				GCC_WARN_UNUSED_VARIABLE = YES;
				IPHONEOS_DEPLOYMENT_TARGET = 15.4;
				MTL_ENABLE_DEBUG_INFO = INCLUDE_SOURCE;
				MTL_FAST_MATH = YES;
				ONLY_ACTIVE_ARCH = YES;
				SDKROOT = iphoneos;
				SWIFT_ACTIVE_COMPILATION_CONDITIONS = DEBUG;
				SWIFT_OPTIMIZATION_LEVEL = "-Onone";
			};
			name = Debug;
		};
		D84C0EB328416F58002C8CDB /* Release */ = {
			isa = XCBuildConfiguration;
			buildSettings = {
				ALWAYS_SEARCH_USER_PATHS = NO;
				CLANG_ANALYZER_NONNULL = YES;
				CLANG_ANALYZER_NUMBER_OBJECT_CONVERSION = YES_AGGRESSIVE;
				CLANG_CXX_LANGUAGE_STANDARD = "gnu++17";
				CLANG_ENABLE_MODULES = YES;
				CLANG_ENABLE_OBJC_ARC = YES;
				CLANG_ENABLE_OBJC_WEAK = YES;
				CLANG_WARN_BLOCK_CAPTURE_AUTORELEASING = YES;
				CLANG_WARN_BOOL_CONVERSION = YES;
				CLANG_WARN_COMMA = YES;
				CLANG_WARN_CONSTANT_CONVERSION = YES;
				CLANG_WARN_DEPRECATED_OBJC_IMPLEMENTATIONS = YES;
				CLANG_WARN_DIRECT_OBJC_ISA_USAGE = YES_ERROR;
				CLANG_WARN_DOCUMENTATION_COMMENTS = YES;
				CLANG_WARN_EMPTY_BODY = YES;
				CLANG_WARN_ENUM_CONVERSION = YES;
				CLANG_WARN_INFINITE_RECURSION = YES;
				CLANG_WARN_INT_CONVERSION = YES;
				CLANG_WARN_NON_LITERAL_NULL_CONVERSION = YES;
				CLANG_WARN_OBJC_IMPLICIT_RETAIN_SELF = YES;
				CLANG_WARN_OBJC_LITERAL_CONVERSION = YES;
				CLANG_WARN_OBJC_ROOT_CLASS = YES_ERROR;
				CLANG_WARN_QUOTED_INCLUDE_IN_FRAMEWORK_HEADER = YES;
				CLANG_WARN_RANGE_LOOP_ANALYSIS = YES;
				CLANG_WARN_STRICT_PROTOTYPES = YES;
				CLANG_WARN_SUSPICIOUS_MOVE = YES;
				CLANG_WARN_UNGUARDED_AVAILABILITY = YES_AGGRESSIVE;
				CLANG_WARN_UNREACHABLE_CODE = YES;
				CLANG_WARN__DUPLICATE_METHOD_MATCH = YES;
				COPY_PHASE_STRIP = NO;
				DEBUG_INFORMATION_FORMAT = "dwarf-with-dsym";
				ENABLE_NS_ASSERTIONS = NO;
				ENABLE_STRICT_OBJC_MSGSEND = YES;
				GCC_C_LANGUAGE_STANDARD = gnu11;
				GCC_NO_COMMON_BLOCKS = YES;
				GCC_WARN_64_TO_32_BIT_CONVERSION = YES;
				GCC_WARN_ABOUT_RETURN_TYPE = YES_ERROR;
				GCC_WARN_UNDECLARED_SELECTOR = YES;
				GCC_WARN_UNINITIALIZED_AUTOS = YES_AGGRESSIVE;
				GCC_WARN_UNUSED_FUNCTION = YES;
				GCC_WARN_UNUSED_VARIABLE = YES;
				IPHONEOS_DEPLOYMENT_TARGET = 15.4;
				MTL_ENABLE_DEBUG_INFO = NO;
				MTL_FAST_MATH = YES;
				SDKROOT = iphoneos;
				SWIFT_COMPILATION_MODE = wholemodule;
				SWIFT_OPTIMIZATION_LEVEL = "-O";
				VALIDATE_PRODUCT = YES;
			};
			name = Release;
		};
		D84C0EB528416F58002C8CDB /* Debug */ = {
			isa = XCBuildConfiguration;
			buildSettings = {
				ASSETCATALOG_COMPILER_APPICON_NAME = AppIcon;
				ASSETCATALOG_COMPILER_GLOBAL_ACCENT_COLOR_NAME = AccentColor;
				CODE_SIGN_STYLE = Automatic;
				CURRENT_PROJECT_VERSION = 1;
				GENERATE_INFOPLIST_FILE = YES;
				INFOPLIST_FILE = Snapchat/Info.plist;
				INFOPLIST_KEY_UIApplicationSupportsIndirectInputEvents = YES;
				INFOPLIST_KEY_UILaunchStoryboardName = LaunchScreen;
				INFOPLIST_KEY_UIMainStoryboardFile = Main;
				INFOPLIST_KEY_UISupportedInterfaceOrientations_iPad = "UIInterfaceOrientationPortrait UIInterfaceOrientationPortraitUpsideDown UIInterfaceOrientationLandscapeLeft UIInterfaceOrientationLandscapeRight";
				INFOPLIST_KEY_UISupportedInterfaceOrientations_iPhone = "UIInterfaceOrientationPortrait UIInterfaceOrientationLandscapeLeft UIInterfaceOrientationLandscapeRight";
				LD_RUNPATH_SEARCH_PATHS = (
					"$(inherited)",
					"@executable_path/Frameworks",
				);
				MARKETING_VERSION = 1.0;
				PRODUCT_BUNDLE_IDENTIFIER = com.miempresa.Snapchat;
				PRODUCT_NAME = "$(TARGET_NAME)";
				SWIFT_EMIT_LOC_STRINGS = YES;
				SWIFT_VERSION = 5.0;
				TARGETED_DEVICE_FAMILY = "1,2";
			};
			name = Debug;
		};
		D84C0EB628416F58002C8CDB /* Release */ = {
			isa = XCBuildConfiguration;
			buildSettings = {
				ASSETCATALOG_COMPILER_APPICON_NAME = AppIcon;
				ASSETCATALOG_COMPILER_GLOBAL_ACCENT_COLOR_NAME = AccentColor;
				CODE_SIGN_STYLE = Automatic;
				CURRENT_PROJECT_VERSION = 1;
				GENERATE_INFOPLIST_FILE = YES;
				INFOPLIST_FILE = Snapchat/Info.plist;
				INFOPLIST_KEY_UIApplicationSupportsIndirectInputEvents = YES;
				INFOPLIST_KEY_UILaunchStoryboardName = LaunchScreen;
				INFOPLIST_KEY_UIMainStoryboardFile = Main;
				INFOPLIST_KEY_UISupportedInterfaceOrientations_iPad = "UIInterfaceOrientationPortrait UIInterfaceOrientationPortraitUpsideDown UIInterfaceOrientationLandscapeLeft UIInterfaceOrientationLandscapeRight";
				INFOPLIST_KEY_UISupportedInterfaceOrientations_iPhone = "UIInterfaceOrientationPortrait UIInterfaceOrientationLandscapeLeft UIInterfaceOrientationLandscapeRight";
				LD_RUNPATH_SEARCH_PATHS = (
					"$(inherited)",
					"@executable_path/Frameworks",
				);
				MARKETING_VERSION = 1.0;
				PRODUCT_BUNDLE_IDENTIFIER = com.miempresa.Snapchat;
				PRODUCT_NAME = "$(TARGET_NAME)";
				SWIFT_EMIT_LOC_STRINGS = YES;
				SWIFT_VERSION = 5.0;
				TARGETED_DEVICE_FAMILY = "1,2";
			};
			name = Release;
		};
		D84C0EB828416F58002C8CDB /* Debug */ = {
			isa = XCBuildConfiguration;
			buildSettings = {
				ALWAYS_EMBED_SWIFT_STANDARD_LIBRARIES = YES;
				BUNDLE_LOADER = "$(TEST_HOST)";
				CODE_SIGN_STYLE = Automatic;
				CURRENT_PROJECT_VERSION = 1;
				GENERATE_INFOPLIST_FILE = YES;
				IPHONEOS_DEPLOYMENT_TARGET = 15.4;
				MARKETING_VERSION = 1.0;
				PRODUCT_BUNDLE_IDENTIFIER = com.miempresa.SnapchatTests;
				PRODUCT_NAME = "$(TARGET_NAME)";
				SWIFT_EMIT_LOC_STRINGS = NO;
				SWIFT_VERSION = 5.0;
				TARGETED_DEVICE_FAMILY = "1,2";
				TEST_HOST = "$(BUILT_PRODUCTS_DIR)/Snapchat.app/Snapchat";
			};
			name = Debug;
		};
		D84C0EB928416F58002C8CDB /* Release */ = {
			isa = XCBuildConfiguration;
			buildSettings = {
				ALWAYS_EMBED_SWIFT_STANDARD_LIBRARIES = YES;
				BUNDLE_LOADER = "$(TEST_HOST)";
				CODE_SIGN_STYLE = Automatic;
				CURRENT_PROJECT_VERSION = 1;
				GENERATE_INFOPLIST_FILE = YES;
				IPHONEOS_DEPLOYMENT_TARGET = 15.4;
				MARKETING_VERSION = 1.0;
				PRODUCT_BUNDLE_IDENTIFIER = com.miempresa.SnapchatTests;
				PRODUCT_NAME = "$(TARGET_NAME)";
				SWIFT_EMIT_LOC_STRINGS = NO;
				SWIFT_VERSION = 5.0;
				TARGETED_DEVICE_FAMILY = "1,2";
				TEST_HOST = "$(BUILT_PRODUCTS_DIR)/Snapchat.app/Snapchat";
			};
			name = Release;
		};
		D84C0EBB28416F58002C8CDB /* Debug */ = {
			isa = XCBuildConfiguration;
			buildSettings = {
				ALWAYS_EMBED_SWIFT_STANDARD_LIBRARIES = YES;
				CODE_SIGN_STYLE = Automatic;
				CURRENT_PROJECT_VERSION = 1;
				GENERATE_INFOPLIST_FILE = YES;
				MARKETING_VERSION = 1.0;
				PRODUCT_BUNDLE_IDENTIFIER = com.miempresa.SnapchatUITests;
				PRODUCT_NAME = "$(TARGET_NAME)";
				SWIFT_EMIT_LOC_STRINGS = NO;
				SWIFT_VERSION = 5.0;
				TARGETED_DEVICE_FAMILY = "1,2";
				TEST_TARGET_NAME = Snapchat;
			};
			name = Debug;
		};
		D84C0EBC28416F58002C8CDB /* Release */ = {
			isa = XCBuildConfiguration;
			buildSettings = {
				ALWAYS_EMBED_SWIFT_STANDARD_LIBRARIES = YES;
				CODE_SIGN_STYLE = Automatic;
				CURRENT_PROJECT_VERSION = 1;
				GENERATE_INFOPLIST_FILE = YES;
				MARKETING_VERSION = 1.0;
				PRODUCT_BUNDLE_IDENTIFIER = com.miempresa.SnapchatUITests;
				PRODUCT_NAME = "$(TARGET_NAME)";
				SWIFT_EMIT_LOC_STRINGS = NO;
				SWIFT_VERSION = 5.0;
				TARGETED_DEVICE_FAMILY = "1,2";
				TEST_TARGET_NAME = Snapchat;
			};
			name = Release;
		};
/* End XCBuildConfiguration section */

/* Begin XCConfigurationList section */
		D84C0E8528416F55002C8CDB /* Build configuration list for PBXProject "Snapchat" */ = {
			isa = XCConfigurationList;
			buildConfigurations = (
				D84C0EB228416F58002C8CDB /* Debug */,
				D84C0EB328416F58002C8CDB /* Release */,
			);
			defaultConfigurationIsVisible = 0;
			defaultConfigurationName = Release;
		};
		D84C0EB428416F58002C8CDB /* Build configuration list for PBXNativeTarget "Snapchat" */ = {
			isa = XCConfigurationList;
			buildConfigurations = (
				D84C0EB528416F58002C8CDB /* Debug */,
				D84C0EB628416F58002C8CDB /* Release */,
			);
			defaultConfigurationIsVisible = 0;
			defaultConfigurationName = Release;
		};
		D84C0EB728416F58002C8CDB /* Build configuration list for PBXNativeTarget "SnapchatTests" */ = {
			isa = XCConfigurationList;
			buildConfigurations = (
				D84C0EB828416F58002C8CDB /* Debug */,
				D84C0EB928416F58002C8CDB /* Release */,
			);
			defaultConfigurationIsVisible = 0;
			defaultConfigurationName = Release;
		};
		D84C0EBA28416F58002C8CDB /* Build configuration list for PBXNativeTarget "SnapchatUITests" */ = {
			isa = XCConfigurationList;
			buildConfigurations = (
				D84C0EBB28416F58002C8CDB /* Debug */,
				D84C0EBC28416F58002C8CDB /* Release */,
			);
			defaultConfigurationIsVisible = 0;
			defaultConfigurationName = Release;
		};
/* End XCConfigurationList section */
	};
	rootObject = D84C0E8228416F55002C8CDB /* Project object */;
}
